// !$*UTF8*$!
{
	archiveVersion = 1;
	classes = {
	};
	objectVersion = 56;
	objects = {

/* Begin PBXBuildFile section */
		5E5E8A2B2D6DBCBD006BF2B6 /* AppDelegate.swift in Sources */ = {isa = PBXBuildFile; fileRef = 5E5E8A2A2D6DBCBD006BF2B6 /* AppDelegate.swift */; };
		5E5E8A2D2D6DBCBD006BF2B6 /* SceneDelegate.swift in Sources */ = {isa = PBXBuildFile; fileRef = 5E5E8A2C2D6DBCBD006BF2B6 /* SceneDelegate.swift */; };
		5E5E8A2F2D6DBCBD006BF2B6 /* ViewController.swift in Sources */ = {isa = PBXBuildFile; fileRef = 5E5E8A2E2D6DBCBD006BF2B6 /* ViewController.swift */; };
		5E5E8A322D6DBCBD006BF2B6 /* Main.storyboard in Resources */ = {isa = PBXBuildFile; fileRef = 5E5E8A302D6DBCBD006BF2B6 /* Main.storyboard */; };
		5E5E8A342D6DBCBF006BF2B6 /* Assets.xcassets in Resources */ = {isa = PBXBuildFile; fileRef = 5E5E8A332D6DBCBF006BF2B6 /* Assets.xcassets */; };
		5E5E8A372D6DBCBF006BF2B6 /* LaunchScreen.storyboard in Resources */ = {isa = PBXBuildFile; fileRef = 5E5E8A352D6DBCBF006BF2B6 /* LaunchScreen.storyboard */; };
		5E5E8A3F2D6DBDFD006BF2B6 /* ShoppingTitleViewController.swift in Sources */ = {isa = PBXBuildFile; fileRef = 5E5E8A3E2D6DBDFD006BF2B6 /* ShoppingTitleViewController.swift */; };
		5E5E8A422D6DBE3F006BF2B6 /* .gitignore in Resources */ = {isa = PBXBuildFile; fileRef = 5E5E8A412D6DBE3F006BF2B6 /* .gitignore */; };
		5E5E8A442D6DBE57006BF2B6 /* APIKey.swift in Sources */ = {isa = PBXBuildFile; fileRef = 5E5E8A432D6DBE57006BF2B6 /* APIKey.swift */; };
		5E5E8A472D6DBE9F006BF2B6 /* SnapKit in Frameworks */ = {isa = PBXBuildFile; productRef = 5E5E8A462D6DBE9F006BF2B6 /* SnapKit */; };
		5E5E8A4A2D6DBEB5006BF2B6 /* RxCocoa in Frameworks */ = {isa = PBXBuildFile; productRef = 5E5E8A492D6DBEB5006BF2B6 /* RxCocoa */; };
		5E5E8A4C2D6DBEB5006BF2B6 /* RxSwift in Frameworks */ = {isa = PBXBuildFile; productRef = 5E5E8A4B2D6DBEB5006BF2B6 /* RxSwift */; };
		5E5E8A4F2D6DBEBE006BF2B6 /* Kingfisher in Frameworks */ = {isa = PBXBuildFile; productRef = 5E5E8A4E2D6DBEBE006BF2B6 /* Kingfisher */; };
		5E5E8A522D6DBECA006BF2B6 /* Alamofire in Frameworks */ = {isa = PBXBuildFile; productRef = 5E5E8A512D6DBECA006BF2B6 /* Alamofire */; };
		5E5E8A542D6DBEEE006BF2B6 /* Shopping.swift in Sources */ = {isa = PBXBuildFile; fileRef = 5E5E8A532D6DBEEE006BF2B6 /* Shopping.swift */; };
		5E5E8A562D6DBF08006BF2B6 /* Extension.swift in Sources */ = {isa = PBXBuildFile; fileRef = 5E5E8A552D6DBF08006BF2B6 /* Extension.swift */; };
		5E5E8A582D6DBF1B006BF2B6 /* NetworkManager.swift in Sources */ = {isa = PBXBuildFile; fileRef = 5E5E8A572D6DBF1B006BF2B6 /* NetworkManager.swift */; };
		5E5E8A5A2D6DBF3B006BF2B6 /* Observable.swift in Sources */ = {isa = PBXBuildFile; fileRef = 5E5E8A592D6DBF3B006BF2B6 /* Observable.swift */; };
		5E5E8A5D2D6DBF57006BF2B6 /* BaseView.swift in Sources */ = {isa = PBXBuildFile; fileRef = 5E5E8A5C2D6DBF57006BF2B6 /* BaseView.swift */; };
		5E5E8A602D6DBF8D006BF2B6 /* ShoppingDetailView.swift in Sources */ = {isa = PBXBuildFile; fileRef = 5E5E8A5F2D6DBF8D006BF2B6 /* ShoppingDetailView.swift */; };
		5E5E8A622D6DBFF1006BF2B6 /* ShoppingTitleViewModel.swift in Sources */ = {isa = PBXBuildFile; fileRef = 5E5E8A612D6DBFF1006BF2B6 /* ShoppingTitleViewModel.swift */; };
		5E5E8A642D6DC01F006BF2B6 /* ShoppingDetailViewController.swift in Sources */ = {isa = PBXBuildFile; fileRef = 5E5E8A632D6DC01F006BF2B6 /* ShoppingDetailViewController.swift */; };
		5E5E8A662D6DC044006BF2B6 /* ShoppingDetailCollectionViewCell.swift in Sources */ = {isa = PBXBuildFile; fileRef = 5E5E8A652D6DC044006BF2B6 /* ShoppingDetailCollectionViewCell.swift */; };
		5E5E8A682D6DC05B006BF2B6 /* ShoppingDetailViewModel.swift in Sources */ = {isa = PBXBuildFile; fileRef = 5E5E8A672D6DC05B006BF2B6 /* ShoppingDetailViewModel.swift */; };
		5E5E8A6F2D6E1B9F006BF2B6 /* APIError.swift in Sources */ = {isa = PBXBuildFile; fileRef = 5E5E8A6E2D6E1B9F006BF2B6 /* APIError.swift */; };
		5E5E8A712D6E1BE6006BF2B6 /* APIErrorResponse.swift in Sources */ = {isa = PBXBuildFile; fileRef = 5E5E8A702D6E1BE6006BF2B6 /* APIErrorResponse.swift */; };
		5E5E8A792D6EF50C006BF2B6 /* WishListViewController.swift in Sources */ = {isa = PBXBuildFile; fileRef = 5E5E8A782D6EF50C006BF2B6 /* WishListViewController.swift */; };
		5EE769C62D76DF74009DEB58 /* RealmSwift in Frameworks */ = {isa = PBXBuildFile; productRef = 5EE769C52D76DF74009DEB58 /* RealmSwift */; };
		5EE769C72D76DF83009DEB58 /* RealmSwift in Embed Frameworks */ = {isa = PBXBuildFile; productRef = 5EE769C52D76DF74009DEB58 /* RealmSwift */; settings = {ATTRIBUTES = (CodeSignOnCopy, ); }; };
		5EE769CA2D76E03C009DEB58 /* RealmModel.swift in Sources */ = {isa = PBXBuildFile; fileRef = 5EE769C92D76E03C009DEB58 /* RealmModel.swift */; };
		5EE769CC2D76FE4A009DEB58 /* LikeViewController.swift in Sources */ = {isa = PBXBuildFile; fileRef = 5EE769CB2D76FE4A009DEB58 /* LikeViewController.swift */; };
		5EE769CE2D76FF35009DEB58 /* LikeViewModel.swift in Sources */ = {isa = PBXBuildFile; fileRef = 5EE769CD2D76FF35009DEB58 /* LikeViewModel.swift */; };
/* End PBXBuildFile section */

/* Begin PBXCopyFilesBuildPhase section */
		5EE769C82D76DF83009DEB58 /* Embed Frameworks */ = {
			isa = PBXCopyFilesBuildPhase;
			buildActionMask = 2147483647;
			dstPath = "";
			dstSubfolderSpec = 10;
			files = (
				5EE769C72D76DF83009DEB58 /* RealmSwift in Embed Frameworks */,
			);
			name = "Embed Frameworks";
			runOnlyForDeploymentPostprocessing = 0;
		};
/* End PBXCopyFilesBuildPhase section */

/* Begin PBXFileReference section */
		5E5E8A272D6DBCBD006BF2B6 /* SeSac39HW.app */ = {isa = PBXFileReference; explicitFileType = wrapper.application; includeInIndex = 0; path = SeSac39HW.app; sourceTree = BUILT_PRODUCTS_DIR; };
		5E5E8A2A2D6DBCBD006BF2B6 /* AppDelegate.swift */ = {isa = PBXFileReference; lastKnownFileType = sourcecode.swift; path = AppDelegate.swift; sourceTree = "<group>"; };
		5E5E8A2C2D6DBCBD006BF2B6 /* SceneDelegate.swift */ = {isa = PBXFileReference; lastKnownFileType = sourcecode.swift; path = SceneDelegate.swift; sourceTree = "<group>"; };
		5E5E8A2E2D6DBCBD006BF2B6 /* ViewController.swift */ = {isa = PBXFileReference; lastKnownFileType = sourcecode.swift; path = ViewController.swift; sourceTree = "<group>"; };
		5E5E8A312D6DBCBD006BF2B6 /* Base */ = {isa = PBXFileReference; lastKnownFileType = file.storyboard; name = Base; path = Base.lproj/Main.storyboard; sourceTree = "<group>"; };
		5E5E8A332D6DBCBF006BF2B6 /* Assets.xcassets */ = {isa = PBXFileReference; lastKnownFileType = folder.assetcatalog; path = Assets.xcassets; sourceTree = "<group>"; };
		5E5E8A362D6DBCBF006BF2B6 /* Base */ = {isa = PBXFileReference; lastKnownFileType = file.storyboard; name = Base; path = Base.lproj/LaunchScreen.storyboard; sourceTree = "<group>"; };
		5E5E8A382D6DBCBF006BF2B6 /* Info.plist */ = {isa = PBXFileReference; lastKnownFileType = text.plist.xml; path = Info.plist; sourceTree = "<group>"; };
		5E5E8A3E2D6DBDFD006BF2B6 /* ShoppingTitleViewController.swift */ = {isa = PBXFileReference; lastKnownFileType = sourcecode.swift; path = ShoppingTitleViewController.swift; sourceTree = "<group>"; };
		5E5E8A412D6DBE3F006BF2B6 /* .gitignore */ = {isa = PBXFileReference; lastKnownFileType = text; path = .gitignore; sourceTree = "<group>"; };
		5E5E8A432D6DBE57006BF2B6 /* APIKey.swift */ = {isa = PBXFileReference; lastKnownFileType = sourcecode.swift; path = APIKey.swift; sourceTree = "<group>"; };
		5E5E8A532D6DBEEE006BF2B6 /* Shopping.swift */ = {isa = PBXFileReference; lastKnownFileType = sourcecode.swift; path = Shopping.swift; sourceTree = "<group>"; };
		5E5E8A552D6DBF08006BF2B6 /* Extension.swift */ = {isa = PBXFileReference; lastKnownFileType = sourcecode.swift; path = Extension.swift; sourceTree = "<group>"; };
		5E5E8A572D6DBF1B006BF2B6 /* NetworkManager.swift */ = {isa = PBXFileReference; lastKnownFileType = sourcecode.swift; path = NetworkManager.swift; sourceTree = "<group>"; };
		5E5E8A592D6DBF3B006BF2B6 /* Observable.swift */ = {isa = PBXFileReference; lastKnownFileType = sourcecode.swift; path = Observable.swift; sourceTree = "<group>"; };
		5E5E8A5C2D6DBF57006BF2B6 /* BaseView.swift */ = {isa = PBXFileReference; lastKnownFileType = sourcecode.swift; path = BaseView.swift; sourceTree = "<group>"; };
		5E5E8A5F2D6DBF8D006BF2B6 /* ShoppingDetailView.swift */ = {isa = PBXFileReference; lastKnownFileType = sourcecode.swift; path = ShoppingDetailView.swift; sourceTree = "<group>"; };
		5E5E8A612D6DBFF1006BF2B6 /* ShoppingTitleViewModel.swift */ = {isa = PBXFileReference; lastKnownFileType = sourcecode.swift; path = ShoppingTitleViewModel.swift; sourceTree = "<group>"; };
		5E5E8A632D6DC01F006BF2B6 /* ShoppingDetailViewController.swift */ = {isa = PBXFileReference; lastKnownFileType = sourcecode.swift; path = ShoppingDetailViewController.swift; sourceTree = "<group>"; };
		5E5E8A652D6DC044006BF2B6 /* ShoppingDetailCollectionViewCell.swift */ = {isa = PBXFileReference; lastKnownFileType = sourcecode.swift; path = ShoppingDetailCollectionViewCell.swift; sourceTree = "<group>"; };
		5E5E8A672D6DC05B006BF2B6 /* ShoppingDetailViewModel.swift */ = {isa = PBXFileReference; lastKnownFileType = sourcecode.swift; path = ShoppingDetailViewModel.swift; sourceTree = "<group>"; };
		5E5E8A6E2D6E1B9F006BF2B6 /* APIError.swift */ = {isa = PBXFileReference; lastKnownFileType = sourcecode.swift; path = APIError.swift; sourceTree = "<group>"; };
		5E5E8A702D6E1BE6006BF2B6 /* APIErrorResponse.swift */ = {isa = PBXFileReference; lastKnownFileType = sourcecode.swift; path = APIErrorResponse.swift; sourceTree = "<group>"; };
		5E5E8A782D6EF50C006BF2B6 /* WishListViewController.swift */ = {isa = PBXFileReference; lastKnownFileType = sourcecode.swift; path = WishListViewController.swift; sourceTree = "<group>"; };
		5EE769C92D76E03C009DEB58 /* RealmModel.swift */ = {isa = PBXFileReference; lastKnownFileType = sourcecode.swift; path = RealmModel.swift; sourceTree = "<group>"; };
		5EE769CB2D76FE4A009DEB58 /* LikeViewController.swift */ = {isa = PBXFileReference; lastKnownFileType = sourcecode.swift; path = LikeViewController.swift; sourceTree = "<group>"; };
		5EE769CD2D76FF35009DEB58 /* LikeViewModel.swift */ = {isa = PBXFileReference; lastKnownFileType = sourcecode.swift; path = LikeViewModel.swift; sourceTree = "<group>"; };
/* End PBXFileReference section */

/* Begin PBXFrameworksBuildPhase section */
		5E5E8A242D6DBCBD006BF2B6 /* Frameworks */ = {
			isa = PBXFrameworksBuildPhase;
			buildActionMask = 2147483647;
			files = (
				5EE769C62D76DF74009DEB58 /* RealmSwift in Frameworks */,
				5E5E8A522D6DBECA006BF2B6 /* Alamofire in Frameworks */,
				5E5E8A4F2D6DBEBE006BF2B6 /* Kingfisher in Frameworks */,
				5E5E8A4C2D6DBEB5006BF2B6 /* RxSwift in Frameworks */,
				5E5E8A4A2D6DBEB5006BF2B6 /* RxCocoa in Frameworks */,
				5E5E8A472D6DBE9F006BF2B6 /* SnapKit in Frameworks */,
			);
			runOnlyForDeploymentPostprocessing = 0;
		};
/* End PBXFrameworksBuildPhase section */

/* Begin PBXGroup section */
		5E5E8A1E2D6DBCBD006BF2B6 = {
			isa = PBXGroup;
			children = (
				5E5E8A412D6DBE3F006BF2B6 /* .gitignore */,
				5E5E8A292D6DBCBD006BF2B6 /* SeSac39HW */,
				5E5E8A282D6DBCBD006BF2B6 /* Products */,
			);
			sourceTree = "<group>";
		};
		5E5E8A282D6DBCBD006BF2B6 /* Products */ = {
			isa = PBXGroup;
			children = (
				5E5E8A272D6DBCBD006BF2B6 /* SeSac39HW.app */,
			);
			name = Products;
			sourceTree = "<group>";
		};
		5E5E8A292D6DBCBD006BF2B6 /* SeSac39HW */ = {
			isa = PBXGroup;
			children = (
				5E5E8A772D6EF4F3006BF2B6 /* WishList */,
				5E5E8A692D6DE39A006BF2B6 /* Error */,
				5E5E8A5E2D6DBF64006BF2B6 /* Shopping */,
				5E5E8A5B2D6DBF46006BF2B6 /* Base */,
				5E5E8A2A2D6DBCBD006BF2B6 /* AppDelegate.swift */,
				5E5E8A2C2D6DBCBD006BF2B6 /* SceneDelegate.swift */,
				5E5E8A2E2D6DBCBD006BF2B6 /* ViewController.swift */,
				5E5E8A302D6DBCBD006BF2B6 /* Main.storyboard */,
				5E5E8A332D6DBCBF006BF2B6 /* Assets.xcassets */,
				5E5E8A352D6DBCBF006BF2B6 /* LaunchScreen.storyboard */,
				5E5E8A382D6DBCBF006BF2B6 /* Info.plist */,
				5E5E8A432D6DBE57006BF2B6 /* APIKey.swift */,
				5E5E8A532D6DBEEE006BF2B6 /* Shopping.swift */,
				5E5E8A552D6DBF08006BF2B6 /* Extension.swift */,
				5E5E8A572D6DBF1B006BF2B6 /* NetworkManager.swift */,
				5E5E8A592D6DBF3B006BF2B6 /* Observable.swift */,
				5EE769C92D76E03C009DEB58 /* RealmModel.swift */,
			);
			path = SeSac39HW;
			sourceTree = "<group>";
		};
		5E5E8A5B2D6DBF46006BF2B6 /* Base */ = {
			isa = PBXGroup;
			children = (
				5E5E8A5C2D6DBF57006BF2B6 /* BaseView.swift */,
			);
			path = Base;
			sourceTree = "<group>";
		};
		5E5E8A5E2D6DBF64006BF2B6 /* Shopping */ = {
			isa = PBXGroup;
			children = (
				5E5E8A3E2D6DBDFD006BF2B6 /* ShoppingTitleViewController.swift */,
				5E5E8A5F2D6DBF8D006BF2B6 /* ShoppingDetailView.swift */,
				5E5E8A612D6DBFF1006BF2B6 /* ShoppingTitleViewModel.swift */,
				5E5E8A632D6DC01F006BF2B6 /* ShoppingDetailViewController.swift */,
				5E5E8A652D6DC044006BF2B6 /* ShoppingDetailCollectionViewCell.swift */,
				5E5E8A672D6DC05B006BF2B6 /* ShoppingDetailViewModel.swift */,
				5EE769CB2D76FE4A009DEB58 /* LikeViewController.swift */,
				5EE769CD2D76FF35009DEB58 /* LikeViewModel.swift */,
			);
			path = Shopping;
			sourceTree = "<group>";
		};
		5E5E8A692D6DE39A006BF2B6 /* Error */ = {
			isa = PBXGroup;
			children = (
				5E5E8A6E2D6E1B9F006BF2B6 /* APIError.swift */,
				5E5E8A702D6E1BE6006BF2B6 /* APIErrorResponse.swift */,
			);
			path = Error;
			sourceTree = "<group>";
		};
		5E5E8A772D6EF4F3006BF2B6 /* WishList */ = {
			isa = PBXGroup;
			children = (
				5E5E8A782D6EF50C006BF2B6 /* WishListViewController.swift */,
			);
			path = WishList;
			sourceTree = "<group>";
		};
/* End PBXGroup section */

/* Begin PBXNativeTarget section */
		5E5E8A262D6DBCBD006BF2B6 /* SeSac39HW */ = {
			isa = PBXNativeTarget;
			buildConfigurationList = 5E5E8A3B2D6DBCBF006BF2B6 /* Build configuration list for PBXNativeTarget "SeSac39HW" */;
			buildPhases = (
				5E5E8A232D6DBCBD006BF2B6 /* Sources */,
				5E5E8A242D6DBCBD006BF2B6 /* Frameworks */,
				5E5E8A252D6DBCBD006BF2B6 /* Resources */,
				5EE769C82D76DF83009DEB58 /* Embed Frameworks */,
			);
			buildRules = (
			);
			dependencies = (
			);
			name = SeSac39HW;
			packageProductDependencies = (
				5E5E8A462D6DBE9F006BF2B6 /* SnapKit */,
				5E5E8A492D6DBEB5006BF2B6 /* RxCocoa */,
				5E5E8A4B2D6DBEB5006BF2B6 /* RxSwift */,
				5E5E8A4E2D6DBEBE006BF2B6 /* Kingfisher */,
				5E5E8A512D6DBECA006BF2B6 /* Alamofire */,
				5EE769C52D76DF74009DEB58 /* RealmSwift */,
			);
			productName = SeSac39HW;
			productReference = 5E5E8A272D6DBCBD006BF2B6 /* SeSac39HW.app */;
			productType = "com.apple.product-type.application";
		};
/* End PBXNativeTarget section */

/* Begin PBXProject section */
		5E5E8A1F2D6DBCBD006BF2B6 /* Project object */ = {
			isa = PBXProject;
			attributes = {
				BuildIndependentTargetsInParallel = 1;
				LastSwiftUpdateCheck = 1520;
				LastUpgradeCheck = 1520;
				TargetAttributes = {
					5E5E8A262D6DBCBD006BF2B6 = {
						CreatedOnToolsVersion = 15.2;
					};
				};
			};
			buildConfigurationList = 5E5E8A222D6DBCBD006BF2B6 /* Build configuration list for PBXProject "SeSac39HW" */;
			compatibilityVersion = "Xcode 14.0";
			developmentRegion = en;
			hasScannedForEncodings = 0;
			knownRegions = (
				en,
				Base,
			);
			mainGroup = 5E5E8A1E2D6DBCBD006BF2B6;
			packageReferences = (
				5E5E8A452D6DBE9F006BF2B6 /* XCRemoteSwiftPackageReference "SnapKit" */,
				5E5E8A482D6DBEB5006BF2B6 /* XCRemoteSwiftPackageReference "RxSwift" */,
				5E5E8A4D2D6DBEBE006BF2B6 /* XCRemoteSwiftPackageReference "Kingfisher" */,
				5E5E8A502D6DBECA006BF2B6 /* XCRemoteSwiftPackageReference "Alamofire" */,
				5EE769C42D76DF74009DEB58 /* XCRemoteSwiftPackageReference "realm-swift" */,
			);
			productRefGroup = 5E5E8A282D6DBCBD006BF2B6 /* Products */;
			projectDirPath = "";
			projectRoot = "";
			targets = (
				5E5E8A262D6DBCBD006BF2B6 /* SeSac39HW */,
			);
		};
/* End PBXProject section */

/* Begin PBXResourcesBuildPhase section */
		5E5E8A252D6DBCBD006BF2B6 /* Resources */ = {
			isa = PBXResourcesBuildPhase;
			buildActionMask = 2147483647;
			files = (
				5E5E8A422D6DBE3F006BF2B6 /* .gitignore in Resources */,
				5E5E8A372D6DBCBF006BF2B6 /* LaunchScreen.storyboard in Resources */,
				5E5E8A342D6DBCBF006BF2B6 /* Assets.xcassets in Resources */,
				5E5E8A322D6DBCBD006BF2B6 /* Main.storyboard in Resources */,
			);
			runOnlyForDeploymentPostprocessing = 0;
		};
/* End PBXResourcesBuildPhase section */

/* Begin PBXSourcesBuildPhase section */
		5E5E8A232D6DBCBD006BF2B6 /* Sources */ = {
			isa = PBXSourcesBuildPhase;
			buildActionMask = 2147483647;
			files = (
				5E5E8A2F2D6DBCBD006BF2B6 /* ViewController.swift in Sources */,
				5E5E8A622D6DBFF1006BF2B6 /* ShoppingTitleViewModel.swift in Sources */,
				5EE769CA2D76E03C009DEB58 /* RealmModel.swift in Sources */,
				5E5E8A542D6DBEEE006BF2B6 /* Shopping.swift in Sources */,
				5E5E8A6F2D6E1B9F006BF2B6 /* APIError.swift in Sources */,
				5E5E8A562D6DBF08006BF2B6 /* Extension.swift in Sources */,
				5E5E8A2B2D6DBCBD006BF2B6 /* AppDelegate.swift in Sources */,
				5E5E8A5A2D6DBF3B006BF2B6 /* Observable.swift in Sources */,
				5E5E8A792D6EF50C006BF2B6 /* WishListViewController.swift in Sources */,
				5E5E8A582D6DBF1B006BF2B6 /* NetworkManager.swift in Sources */,
				5E5E8A2D2D6DBCBD006BF2B6 /* SceneDelegate.swift in Sources */,
				5E5E8A642D6DC01F006BF2B6 /* ShoppingDetailViewController.swift in Sources */,
				5E5E8A5D2D6DBF57006BF2B6 /* BaseView.swift in Sources */,
				5E5E8A602D6DBF8D006BF2B6 /* ShoppingDetailView.swift in Sources */,
				5EE769CE2D76FF35009DEB58 /* LikeViewModel.swift in Sources */,
				5E5E8A712D6E1BE6006BF2B6 /* APIErrorResponse.swift in Sources */,
				5E5E8A662D6DC044006BF2B6 /* ShoppingDetailCollectionViewCell.swift in Sources */,
				5E5E8A682D6DC05B006BF2B6 /* ShoppingDetailViewModel.swift in Sources */,
				5E5E8A3F2D6DBDFD006BF2B6 /* ShoppingTitleViewController.swift in Sources */,
				5E5E8A442D6DBE57006BF2B6 /* APIKey.swift in Sources */,
				5EE769CC2D76FE4A009DEB58 /* LikeViewController.swift in Sources */,
			);
			runOnlyForDeploymentPostprocessing = 0;
		};
/* End PBXSourcesBuildPhase section */

/* Begin PBXVariantGroup section */
		5E5E8A302D6DBCBD006BF2B6 /* Main.storyboard */ = {
			isa = PBXVariantGroup;
			children = (
				5E5E8A312D6DBCBD006BF2B6 /* Base */,
			);
			name = Main.storyboard;
			sourceTree = "<group>";
		};
		5E5E8A352D6DBCBF006BF2B6 /* LaunchScreen.storyboard */ = {
			isa = PBXVariantGroup;
			children = (
				5E5E8A362D6DBCBF006BF2B6 /* Base */,
			);
			name = LaunchScreen.storyboard;
			sourceTree = "<group>";
		};
/* End PBXVariantGroup section */

/* Begin XCBuildConfiguration section */
		5E5E8A392D6DBCBF006BF2B6 /* Debug */ = {
			isa = XCBuildConfiguration;
			buildSettings = {
				ALWAYS_SEARCH_USER_PATHS = NO;
				ASSETCATALOG_COMPILER_GENERATE_SWIFT_ASSET_SYMBOL_EXTENSIONS = YES;
				CLANG_ANALYZER_NONNULL = YES;
				CLANG_ANALYZER_NUMBER_OBJECT_CONVERSION = YES_AGGRESSIVE;
				CLANG_CXX_LANGUAGE_STANDARD = "gnu++20";
				CLANG_ENABLE_MODULES = YES;
				CLANG_ENABLE_OBJC_ARC = YES;
				CLANG_ENABLE_OBJC_WEAK = YES;
				CLANG_WARN_BLOCK_CAPTURE_AUTORELEASING = YES;
				CLANG_WARN_BOOL_CONVERSION = YES;
				CLANG_WARN_COMMA = YES;
				CLANG_WARN_CONSTANT_CONVERSION = YES;
				CLANG_WARN_DEPRECATED_OBJC_IMPLEMENTATIONS = YES;
				CLANG_WARN_DIRECT_OBJC_ISA_USAGE = YES_ERROR;
				CLANG_WARN_DOCUMENTATION_COMMENTS = YES;
				CLANG_WARN_EMPTY_BODY = YES;
				CLANG_WARN_ENUM_CONVERSION = YES;
				CLANG_WARN_INFINITE_RECURSION = YES;
				CLANG_WARN_INT_CONVERSION = YES;
				CLANG_WARN_NON_LITERAL_NULL_CONVERSION = YES;
				CLANG_WARN_OBJC_IMPLICIT_RETAIN_SELF = YES;
				CLANG_WARN_OBJC_LITERAL_CONVERSION = YES;
				CLANG_WARN_OBJC_ROOT_CLASS = YES_ERROR;
				CLANG_WARN_QUOTED_INCLUDE_IN_FRAMEWORK_HEADER = YES;
				CLANG_WARN_RANGE_LOOP_ANALYSIS = YES;
				CLANG_WARN_STRICT_PROTOTYPES = YES;
				CLANG_WARN_SUSPICIOUS_MOVE = YES;
				CLANG_WARN_UNGUARDED_AVAILABILITY = YES_AGGRESSIVE;
				CLANG_WARN_UNREACHABLE_CODE = YES;
				CLANG_WARN__DUPLICATE_METHOD_MATCH = YES;
				COPY_PHASE_STRIP = NO;
				DEBUG_INFORMATION_FORMAT = dwarf;
				ENABLE_STRICT_OBJC_MSGSEND = YES;
				ENABLE_TESTABILITY = YES;
				ENABLE_USER_SCRIPT_SANDBOXING = YES;
				GCC_C_LANGUAGE_STANDARD = gnu17;
				GCC_DYNAMIC_NO_PIC = NO;
				GCC_NO_COMMON_BLOCKS = YES;
				GCC_OPTIMIZATION_LEVEL = 0;
				GCC_PREPROCESSOR_DEFINITIONS = (
					"DEBUG=1",
					"$(inherited)",
				);
				GCC_WARN_64_TO_32_BIT_CONVERSION = YES;
				GCC_WARN_ABOUT_RETURN_TYPE = YES_ERROR;
				GCC_WARN_UNDECLARED_SELECTOR = YES;
				GCC_WARN_UNINITIALIZED_AUTOS = YES_AGGRESSIVE;
				GCC_WARN_UNUSED_FUNCTION = YES;
				GCC_WARN_UNUSED_VARIABLE = YES;
				IPHONEOS_DEPLOYMENT_TARGET = 17.2;
				LOCALIZATION_PREFERS_STRING_CATALOGS = YES;
				MTL_ENABLE_DEBUG_INFO = INCLUDE_SOURCE;
				MTL_FAST_MATH = YES;
				ONLY_ACTIVE_ARCH = YES;
				SDKROOT = iphoneos;
				SWIFT_ACTIVE_COMPILATION_CONDITIONS = "DEBUG $(inherited)";
				SWIFT_OPTIMIZATION_LEVEL = "-Onone";
			};
			name = Debug;
		};
		5E5E8A3A2D6DBCBF006BF2B6 /* Release */ = {
			isa = XCBuildConfiguration;
			buildSettings = {
				ALWAYS_SEARCH_USER_PATHS = NO;
				ASSETCATALOG_COMPILER_GENERATE_SWIFT_ASSET_SYMBOL_EXTENSIONS = YES;
				CLANG_ANALYZER_NONNULL = YES;
				CLANG_ANALYZER_NUMBER_OBJECT_CONVERSION = YES_AGGRESSIVE;
				CLANG_CXX_LANGUAGE_STANDARD = "gnu++20";
				CLANG_ENABLE_MODULES = YES;
				CLANG_ENABLE_OBJC_ARC = YES;
				CLANG_ENABLE_OBJC_WEAK = YES;
				CLANG_WARN_BLOCK_CAPTURE_AUTORELEASING = YES;
				CLANG_WARN_BOOL_CONVERSION = YES;
				CLANG_WARN_COMMA = YES;
				CLANG_WARN_CONSTANT_CONVERSION = YES;
				CLANG_WARN_DEPRECATED_OBJC_IMPLEMENTATIONS = YES;
				CLANG_WARN_DIRECT_OBJC_ISA_USAGE = YES_ERROR;
				CLANG_WARN_DOCUMENTATION_COMMENTS = YES;
				CLANG_WARN_EMPTY_BODY = YES;
				CLANG_WARN_ENUM_CONVERSION = YES;
				CLANG_WARN_INFINITE_RECURSION = YES;
				CLANG_WARN_INT_CONVERSION = YES;
				CLANG_WARN_NON_LITERAL_NULL_CONVERSION = YES;
				CLANG_WARN_OBJC_IMPLICIT_RETAIN_SELF = YES;
				CLANG_WARN_OBJC_LITERAL_CONVERSION = YES;
				CLANG_WARN_OBJC_ROOT_CLASS = YES_ERROR;
				CLANG_WARN_QUOTED_INCLUDE_IN_FRAMEWORK_HEADER = YES;
				CLANG_WARN_RANGE_LOOP_ANALYSIS = YES;
				CLANG_WARN_STRICT_PROTOTYPES = YES;
				CLANG_WARN_SUSPICIOUS_MOVE = YES;
				CLANG_WARN_UNGUARDED_AVAILABILITY = YES_AGGRESSIVE;
				CLANG_WARN_UNREACHABLE_CODE = YES;
				CLANG_WARN__DUPLICATE_METHOD_MATCH = YES;
				COPY_PHASE_STRIP = NO;
				DEBUG_INFORMATION_FORMAT = "dwarf-with-dsym";
				ENABLE_NS_ASSERTIONS = NO;
				ENABLE_STRICT_OBJC_MSGSEND = YES;
				ENABLE_USER_SCRIPT_SANDBOXING = YES;
				GCC_C_LANGUAGE_STANDARD = gnu17;
				GCC_NO_COMMON_BLOCKS = YES;
				GCC_WARN_64_TO_32_BIT_CONVERSION = YES;
				GCC_WARN_ABOUT_RETURN_TYPE = YES_ERROR;
				GCC_WARN_UNDECLARED_SELECTOR = YES;
				GCC_WARN_UNINITIALIZED_AUTOS = YES_AGGRESSIVE;
				GCC_WARN_UNUSED_FUNCTION = YES;
				GCC_WARN_UNUSED_VARIABLE = YES;
				IPHONEOS_DEPLOYMENT_TARGET = 17.2;
				LOCALIZATION_PREFERS_STRING_CATALOGS = YES;
				MTL_ENABLE_DEBUG_INFO = NO;
				MTL_FAST_MATH = YES;
				SDKROOT = iphoneos;
				SWIFT_COMPILATION_MODE = wholemodule;
				VALIDATE_PRODUCT = YES;
			};
			name = Release;
		};
		5E5E8A3C2D6DBCBF006BF2B6 /* Debug */ = {
			isa = XCBuildConfiguration;
			buildSettings = {
				ASSETCATALOG_COMPILER_APPICON_NAME = AppIcon;
				ASSETCATALOG_COMPILER_GLOBAL_ACCENT_COLOR_NAME = AccentColor;
				CODE_SIGN_STYLE = Automatic;
				CURRENT_PROJECT_VERSION = 1;
				DEVELOPMENT_TEAM = 7P497U47NW;
				GENERATE_INFOPLIST_FILE = YES;
				INFOPLIST_FILE = SeSac39HW/Info.plist;
				INFOPLIST_KEY_UIApplicationSupportsIndirectInputEvents = YES;
				INFOPLIST_KEY_UILaunchStoryboardName = LaunchScreen;
				INFOPLIST_KEY_UIMainStoryboardFile = Main;
				INFOPLIST_KEY_UISupportedInterfaceOrientations = UIInterfaceOrientationPortrait;
				INFOPLIST_KEY_UISupportedInterfaceOrientations_iPad = "UIInterfaceOrientationLandscapeLeft UIInterfaceOrientationLandscapeRight UIInterfaceOrientationPortrait UIInterfaceOrientationPortraitUpsideDown";
				LD_RUNPATH_SEARCH_PATHS = (
					"$(inherited)",
					"@executable_path/Frameworks",
				);
				MARKETING_VERSION = 1.0;
				PRODUCT_BUNDLE_IDENTIFIER = com.hoon.SeSac39HW;
				PRODUCT_NAME = "$(TARGET_NAME)";
				SUPPORTED_PLATFORMS = "iphoneos iphonesimulator";
				SUPPORTS_MACCATALYST = NO;
				SUPPORTS_MAC_DESIGNED_FOR_IPHONE_IPAD = NO;
				SUPPORTS_XR_DESIGNED_FOR_IPHONE_IPAD = NO;
				SWIFT_EMIT_LOC_STRINGS = YES;
				SWIFT_VERSION = 5.0;
				TARGETED_DEVICE_FAMILY = 1;
			};
			name = Debug;
		};
		5E5E8A3D2D6DBCBF006BF2B6 /* Release */ = {
			isa = XCBuildConfiguration;
			buildSettings = {
				ASSETCATALOG_COMPILER_APPICON_NAME = AppIcon;
				ASSETCATALOG_COMPILER_GLOBAL_ACCENT_COLOR_NAME = AccentColor;
				CODE_SIGN_STYLE = Automatic;
				CURRENT_PROJECT_VERSION = 1;
				DEVELOPMENT_TEAM = 7P497U47NW;
				GENERATE_INFOPLIST_FILE = YES;
				INFOPLIST_FILE = SeSac39HW/Info.plist;
				INFOPLIST_KEY_UIApplicationSupportsIndirectInputEvents = YES;
				INFOPLIST_KEY_UILaunchStoryboardName = LaunchScreen;
				INFOPLIST_KEY_UIMainStoryboardFile = Main;
				INFOPLIST_KEY_UISupportedInterfaceOrientations = UIInterfaceOrientationPortrait;
				INFOPLIST_KEY_UISupportedInterfaceOrientations_iPad = "UIInterfaceOrientationLandscapeLeft UIInterfaceOrientationLandscapeRight UIInterfaceOrientationPortrait UIInterfaceOrientationPortraitUpsideDown";
				LD_RUNPATH_SEARCH_PATHS = (
					"$(inherited)",
					"@executable_path/Frameworks",
				);
				MARKETING_VERSION = 1.0;
				PRODUCT_BUNDLE_IDENTIFIER = com.hoon.SeSac39HW;
				PRODUCT_NAME = "$(TARGET_NAME)";
				SUPPORTED_PLATFORMS = "iphoneos iphonesimulator";
				SUPPORTS_MACCATALYST = NO;
				SUPPORTS_MAC_DESIGNED_FOR_IPHONE_IPAD = NO;
				SUPPORTS_XR_DESIGNED_FOR_IPHONE_IPAD = NO;
				SWIFT_EMIT_LOC_STRINGS = YES;
				SWIFT_VERSION = 5.0;
				TARGETED_DEVICE_FAMILY = 1;
			};
			name = Release;
		};
/* End XCBuildConfiguration section */

/* Begin XCConfigurationList section */
		5E5E8A222D6DBCBD006BF2B6 /* Build configuration list for PBXProject "SeSac39HW" */ = {
			isa = XCConfigurationList;
			buildConfigurations = (
				5E5E8A392D6DBCBF006BF2B6 /* Debug */,
				5E5E8A3A2D6DBCBF006BF2B6 /* Release */,
			);
			defaultConfigurationIsVisible = 0;
			defaultConfigurationName = Release;
		};
		5E5E8A3B2D6DBCBF006BF2B6 /* Build configuration list for PBXNativeTarget "SeSac39HW" */ = {
			isa = XCConfigurationList;
			buildConfigurations = (
				5E5E8A3C2D6DBCBF006BF2B6 /* Debug */,
				5E5E8A3D2D6DBCBF006BF2B6 /* Release */,
			);
			defaultConfigurationIsVisible = 0;
			defaultConfigurationName = Release;
		};
/* End XCConfigurationList section */

/* Begin XCRemoteSwiftPackageReference section */
		5E5E8A452D6DBE9F006BF2B6 /* XCRemoteSwiftPackageReference "SnapKit" */ = {
			isa = XCRemoteSwiftPackageReference;
			repositoryURL = "https://github.com/SnapKit/SnapKit";
			requirement = {
				kind = upToNextMajorVersion;
				minimumVersion = 5.7.1;
			};
		};
		5E5E8A482D6DBEB5006BF2B6 /* XCRemoteSwiftPackageReference "RxSwift" */ = {
			isa = XCRemoteSwiftPackageReference;
			repositoryURL = "https://github.com/ReactiveX/RxSwift";
			requirement = {
				kind = upToNextMajorVersion;
				minimumVersion = 6.9.0;
			};
		};
		5E5E8A4D2D6DBEBE006BF2B6 /* XCRemoteSwiftPackageReference "Kingfisher" */ = {
			isa = XCRemoteSwiftPackageReference;
			repositoryURL = "https://github.com/onevcat/Kingfisher";
			requirement = {
				kind = upToNextMajorVersion;
				minimumVersion = 8.2.0;
			};
		};
		5E5E8A502D6DBECA006BF2B6 /* XCRemoteSwiftPackageReference "Alamofire" */ = {
			isa = XCRemoteSwiftPackageReference;
			repositoryURL = "https://github.com/Alamofire/Alamofire";
			requirement = {
				kind = upToNextMajorVersion;
				minimumVersion = 5.10.2;
			};
		};
		5EE769C42D76DF74009DEB58 /* XCRemoteSwiftPackageReference "realm-swift" */ = {
			isa = XCRemoteSwiftPackageReference;
			repositoryURL = "https://github.com/realm/realm-swift.git";
			requirement = {
				kind = exactVersion;
				version = 10.53.1;
			};
		};
/* End XCRemoteSwiftPackageReference section */

/* Begin XCSwiftPackageProductDependency section */
		5E5E8A462D6DBE9F006BF2B6 /* SnapKit */ = {
			isa = XCSwiftPackageProductDependency;
			package = 5E5E8A452D6DBE9F006BF2B6 /* XCRemoteSwiftPackageReference "SnapKit" */;
			productName = SnapKit;
		};
		5E5E8A492D6DBEB5006BF2B6 /* RxCocoa */ = {
			isa = XCSwiftPackageProductDependency;
			package = 5E5E8A482D6DBEB5006BF2B6 /* XCRemoteSwiftPackageReference "RxSwift" */;
			productName = RxCocoa;
		};
		5E5E8A4B2D6DBEB5006BF2B6 /* RxSwift */ = {
			isa = XCSwiftPackageProductDependency;
			package = 5E5E8A482D6DBEB5006BF2B6 /* XCRemoteSwiftPackageReference "RxSwift" */;
			productName = RxSwift;
		};
		5E5E8A4E2D6DBEBE006BF2B6 /* Kingfisher */ = {
			isa = XCSwiftPackageProductDependency;
			package = 5E5E8A4D2D6DBEBE006BF2B6 /* XCRemoteSwiftPackageReference "Kingfisher" */;
			productName = Kingfisher;
		};
		5E5E8A512D6DBECA006BF2B6 /* Alamofire */ = {
			isa = XCSwiftPackageProductDependency;
			package = 5E5E8A502D6DBECA006BF2B6 /* XCRemoteSwiftPackageReference "Alamofire" */;
			productName = Alamofire;
		};
		5EE769C52D76DF74009DEB58 /* RealmSwift */ = {
			isa = XCSwiftPackageProductDependency;
			package = 5EE769C42D76DF74009DEB58 /* XCRemoteSwiftPackageReference "realm-swift" */;
			productName = RealmSwift;
		};
/* End XCSwiftPackageProductDependency section */
	};
	rootObject = 5E5E8A1F2D6DBCBD006BF2B6 /* Project object */;
}
